<?xml version="1.0" encoding="utf-8"?>
<Project ToolsVersion="4.0" xmlns="http://schemas.microsoft.com/developer/msbuild/2003">
  <ItemGroup>
    <Filter Include="源文件">
      <UniqueIdentifier>{4FC737F1-C7A5-4376-A066-2A32D752A2FF}</UniqueIdentifier>
      <Extensions>cpp;c;cc;cxx;c++;cppm;ixx;def;odl;idl;hpj;bat;asm;asmx</Extensions>
    </Filter>
    <Filter Include="头文件">
      <UniqueIdentifier>{93995380-89BD-4b04-88EB-625FBE52EBFB}</UniqueIdentifier>
      <Extensions>h;hh;hpp;hxx;h++;hm;inl;inc;ipp;xsd</Extensions>
    </Filter>
    <Filter Include="资源文件">
      <UniqueIdentifier>{67DA6AB6-F800-4c08-8B7A-83BB121AAD01}</UniqueIdentifier>
      <Extensions>rc;ico;cur;bmp;dlg;rc2;rct;bin;rgs;gif;jpg;jpeg;jpe;resx;tiff;tif;png;wav;mfcribbon-ms</Extensions>
    </Filter>
  </ItemGroup>
  <ItemGroup>
    <ClCompile Include="..\source\Card.cpp">
      <Filter>源文件</Filter>
    </ClCompile>
    <ClCompile Include="..\source\Character.cpp">
      <Filter>源文件</Filter>
    </ClCompile>
    <ClCompile Include="..\source\Effect.cpp">
      <Filter>源文件</Filter>
    </ClCompile>
    <ClCompile Include="..\source\GameRenderer.cpp">
      <Filter>源文件</Filter>
    </ClCompile>
    <ClCompile Include="..\source\GameState.cpp">
      <Filter>源文件</Filter>
    </ClCompile>
    <ClCompile Include="..\source\ImageManager.cpp">
      <Filter>源文件</Filter>
    </ClCompile>
    <ClCompile Include="..\source\Player.cpp">
      <Filter>源文件</Filter>
    </ClCompile>
    <ClCompile Include="..\source\Skill.cpp">
      <Filter>源文件</Filter>
    </ClCompile>
    <ClCompile Include="..\source\Socket.cpp">
      <Filter>源文件</Filter>
    </ClCompile>
    <ClCompile Include="..\source\TextManager.cpp">
      <Filter>源文件</Filter>
    </ClCompile>
    <ClCompile Include="..\source\utils.cpp">
      <Filter>源文件</Filter>
    </ClCompile>
    <ClCompile Include="..\source\GameLogic.cpp">
      <Filter>源文件</Filter>
    </ClCompile>
    <ClCompile Include="..\source\ClientMain.cpp">
      <Filter>源文件</Filter>
    </ClCompile>
    <ClCompile Include="..\source\AccountProtocol.cpp">
      <Filter>源文件</Filter>
    </ClCompile>
    <ClCompile Include="..\source\UserDB.cpp">
      <Filter>源文件</Filter>
    </ClCompile>
    <ClCompile Include="..\source\PSkill.cpp">
      <Filter>源文件</Filter>
    </ClCompile>
    <ClCompile Include="..\source\ASkill.cpp">
      <Filter>源文件</Filter>
    </ClCompile>
  </ItemGroup>
  <ItemGroup>
    <ClInclude Include="..\header\AccountProtocol.h">
      <Filter>头文件</Filter>
    </ClInclude>
    <ClInclude Include="..\header\Card.h">
      <Filter>头文件</Filter>
    </ClInclude>
    <ClInclude Include="..\header\Character.h">
      <Filter>头文件</Filter>
    </ClInclude>
    <ClInclude Include="..\header\Effect.h">
      <Filter>头文件</Filter>
    </ClInclude>
    <ClInclude Include="..\header\GameLogic.h">
      <Filter>头文件</Filter>
    </ClInclude>
    <ClInclude Include="..\header\GameRenderer.h">
      <Filter>头文件</Filter>
    </ClInclude>
    <ClInclude Include="..\header\GameState.h">
      <Filter>头文件</Filter>
    </ClInclude>
    <ClInclude Include="..\header\ImageManager.h">
      <Filter>头文件</Filter>
    </ClInclude>
    <ClInclude Include="..\header\Player.h">
      <Filter>头文件</Filter>
    </ClInclude>
    <ClInclude Include="..\header\Skill.h">
      <Filter>头文件</Filter>
    </ClInclude>
    <ClInclude Include="..\header\Socket.h">
      <Filter>头文件</Filter>
    </ClInclude>
    <ClInclude Include="..\header\TextManager.h">
      <Filter>头文件</Filter>
    </ClInclude>
    <ClInclude Include="..\header\UserDB.h">
      <Filter>头文件</Filter>
    </ClInclude>
    <ClInclude Include="..\header\utils.h">
      <Filter>头文件</Filter>
    </ClInclude>
    <ClInclude Include="..\header\ASkill.h">
      <Filter>头文件</Filter>
    </ClInclude>
    <ClInclude Include="..\header\PSkill.h">
      <Filter>头文件</Filter>
    </ClInclude>
  </ItemGroup>
</Project>